github.com/humilityai/sam v0.0.0-20200728220130-2e02604ba5d1 h1:Nvyyp+GzL/48VSxAo4sOw9voaBS4GFo4UWRA6xT3jQs=
github.com/humilityai/sam v0.0.0-20200728220130-2e02604ba5d1/go.mod h1:X7sEnhr1+W349RmZUdR0BbrPfLa04j5hU8XhgkmAiJ0=
github.com/humilityai/util v0.0.0-20200728215500-b590bc21d7b9 h1:3oMab6s3H/oVZpYDpPHGregwk5UZjYro39NP0mwxY1c=
github.com/humilityai/util v0.0.0-20200728215500-b590bc21d7b9/go.mod h1:3jX6Z298oj5fU4JIvqQM2NaVtJ0tr7wq6Vik2MUcwPM=
